{
  "name": "liascript-preview",
  "version": "2.1.21",
  "lockfileVersion": 2,
  "requires": true,
  "packages": {
    "": {
      "name": "liascript-preview",
      "version": "2.1.20",
      "license": "MIT",
      "dependencies": {
        "@liascript/editor": "^1.0.4--0.9.29"
      },
      "engines": {
        "atom": ">=1.0.0 <2.0.0"
      }
    },
    "node_modules/@liascript/editor": {
      "version": "1.0.4--0.9.29",
      "resolved": "https://registry.npmjs.org/@liascript/editor/-/editor-1.0.4--0.9.29.tgz",
      "integrity": "sha512-SJk/MPjrMLjGhjsnx2Pnuz23CN1ChCotp2W3+hPejuYrRKIidtj+v1WviOXiKaOFdXznX9pm5lf8yQ5C6Y5Y5g=="
    }
  },
  "dependencies": {
    "@liascript/editor": {
      "version": "1.0.4--0.9.29",
      "resolved": "https://registry.npmjs.org/@liascript/editor/-/editor-1.0.4--0.9.29.tgz",
      "integrity": "sha512-SJk/MPjrMLjGhjsnx2Pnuz23CN1ChCotp2W3+hPejuYrRKIidtj+v1WviOXiKaOFdXznX9pm5lf8yQ5C6Y5Y5g=="
    }
  }
}
