{
  "name": "liascript-preview",
  "version": "3.0.3",
  "lockfileVersion": 2,
  "requires": true,
  "packages": {
    "": {
      "name": "liascript-preview",
      "version": "3.0.3",
      "license": "MIT",
      "dependencies": {
        "@liascript/editor": "^1.1.0--0.10.32"
      },
      "engines": {
        "atom": ">=1.0.0 <2.0.0"
      }
    },
    "node_modules/@liascript/editor": {
      "version": "1.1.0--0.10.32",
      "resolved": "https://registry.npmjs.org/@liascript/editor/-/editor-1.1.0--0.10.32.tgz",
      "integrity": "sha512-aGLK5LW8CMOKqeNPYTOUbMV/WdZH60DTdML7g7Rq3k7r/4fVk8yTxp9PY2Q/4sHNJGkZhqMkb8NVJJV6V6j2QQ=="
    }
  },
  "dependencies": {
    "@liascript/editor": {
      "version": "1.1.0--0.10.32",
      "resolved": "https://registry.npmjs.org/@liascript/editor/-/editor-1.1.0--0.10.32.tgz",
      "integrity": "sha512-aGLK5LW8CMOKqeNPYTOUbMV/WdZH60DTdML7g7Rq3k7r/4fVk8yTxp9PY2Q/4sHNJGkZhqMkb8NVJJV6V6j2QQ=="
    }
  }
}
