{
  "name": "liascript-preview",
  "version": "2.1.28",
  "lockfileVersion": 2,
  "requires": true,
  "packages": {
    "": {
      "name": "liascript-preview",
      "version": "2.1.27",
      "license": "MIT",
      "dependencies": {
        "@liascript/editor": "^1.0.4--0.9.37"
      },
      "engines": {
        "atom": ">=1.0.0 <2.0.0"
      }
    },
    "node_modules/@liascript/editor": {
      "version": "1.0.4--0.9.37",
      "resolved": "https://registry.npmjs.org/@liascript/editor/-/editor-1.0.4--0.9.37.tgz",
      "integrity": "sha512-JyxDCx4RBwVt8sJUVWpBICpkSokXC+grHeQ2H3G+78hWQ+YnwpGl9zFioUmKgdNVh7EEWs/uvi1JhS+5ERrklQ=="
    }
  },
  "dependencies": {
    "@liascript/editor": {
      "version": "1.0.4--0.9.37",
      "resolved": "https://registry.npmjs.org/@liascript/editor/-/editor-1.0.4--0.9.37.tgz",
      "integrity": "sha512-JyxDCx4RBwVt8sJUVWpBICpkSokXC+grHeQ2H3G+78hWQ+YnwpGl9zFioUmKgdNVh7EEWs/uvi1JhS+5ERrklQ=="
    }
  }
}
